
Microsoft Visual Studio Solution File, Format Version 12.00
# Visual Studio Version 17
VisualStudioVersion = 17.0.31903.59
MinimumVisualStudioVersion = 10.0.40219.1
Project("{FAE04EC0-301F-11D3-BF4B-00C04F79EFBC}") = "Youtube.Wrapper.NET", "Youtube.Wrapper.NET\Youtube.Wrapper.NET.csproj", "{077E335D-D11C-410A-8108-D3E0620AA177}"
EndProject
Project("{FAE04EC0-301F-11D3-BF4B-00C04F79EFBC}") = "TestHarness", "TestHarness\TestHarness.csproj", "{02646E9B-A923-44FA-8EA3-61A55C5049E0}"
EndProject
Global
	GlobalSection(SolutionConfigurationPlatforms) = preSolution
		Debug|Any CPU = Debug|Any CPU
		Release|Any CPU = Release|Any CPU
	EndGlobalSection
	GlobalSection(SolutionProperties) = preSolution
		HideSolutionNode = FALSE
	EndGlobalSection
	GlobalSection(ProjectConfigurationPlatforms) = postSolution
		{077E335D-D11C-410A-8108-D3E0620AA177}.Debug|Any CPU.ActiveCfg = Debug|Any CPU
		{077E335D-D11C-410A-8108-D3E0620AA177}.Debug|Any CPU.Build.0 = Debug|Any CPU
		{077E335D-D11C-410A-8108-D3E0620AA177}.Release|Any CPU.ActiveCfg = Release|Any CPU
		{077E335D-D11C-410A-8108-D3E0620AA177}.Release|Any CPU.Build.0 = Release|Any CPU
		{02646E9B-A923-44FA-8EA3-61A55C5049E0}.Debug|Any CPU.ActiveCfg = Debug|Any CPU
		{02646E9B-A923-44FA-8EA3-61A55C5049E0}.Debug|Any CPU.Build.0 = Debug|Any CPU
		{02646E9B-A923-44FA-8EA3-61A55C5049E0}.Release|Any CPU.ActiveCfg = Release|Any CPU
		{02646E9B-A923-44FA-8EA3-61A55C5049E0}.Release|Any CPU.Build.0 = Release|Any CPU
	EndGlobalSection
EndGlobal
